
Microsoft Visual Studio Solution File, Format Version 12.00
# Visual Studio Version 17
VisualStudioVersion = 17.0.31919.166
MinimumVisualStudioVersion = 10.0.40219.1
Project("{9A19103F-16F7-4668-BE54-9A1E7A4F7556}") = "Tracker.Api", "Tracker.Api\Tracker.Api.csproj", "{2457BB97-3A51-468A-B9EA-31D37E287084}"
EndProject
Project("{9A19103F-16F7-4668-BE54-9A1E7A4F7556}") = "Tracker.Core", "Tracker.Core\Tracker.Core.csproj", "{F3996B31-5B36-4948-8958-7677475F40B4}"
EndProject
Project("{2150E333-8FDC-42A3-9474-1A3956D46DE8}") = "Utility.Core", "Utility.Core", "{BA299C3A-6716-44B8-A970-0E7EA4311193}"
EndProject
Project("{9A19103F-16F7-4668-BE54-9A1E7A4F7556}") = "Wolf.Utility.Core.Startup", "..\Wolf.Utility.Core\Wolf.Utility.Core.Startup\Wolf.Utility.Core.Startup.csproj", "{0D77A50A-A6CD-4DF9-97B1-6BDA9571F8B3}"
EndProject
Project("{9A19103F-16F7-4668-BE54-9A1E7A4F7556}") = "Wolf.Utility.Core.Logging", "..\Wolf.Utility.Core\Wolf.Utility.Core.Logging\Wolf.Utility.Core.Logging.csproj", "{7AAA468A-B8BD-4C8B-8DAD-3F475EE01AD1}"
EndProject
Project("{9A19103F-16F7-4668-BE54-9A1E7A4F7556}") = "Wolf.Utility.Core.Persistence", "..\Wolf.Utility.Core\Wolf.Utility.Core.Persistence\Wolf.Utility.Core.Persistence.csproj", "{574FFAC6-756D-4A5D-8400-463DB9067576}"
EndProject
Project("{9A19103F-16F7-4668-BE54-9A1E7A4F7556}") = "Wolf.Utility.Core.Bases", "..\Wolf.Utility.Core\Wolf.Utility.Core.Bases\Wolf.Utility.Core.Bases.csproj", "{EB6A1E8C-00A4-4602-BC67-40F08484C570}"
EndProject
Project("{9A19103F-16F7-4668-BE54-9A1E7A4F7556}") = "Wolf.Utility.Core.Exceptions", "..\Wolf.Utility.Core\Wolf.Utility.Core.Exceptions\Wolf.Utility.Core.Exceptions.csproj", "{FA8B1E98-9A17-4F3F-BCF4-E86EA08CE424}"
EndProject
Project("{9A19103F-16F7-4668-BE54-9A1E7A4F7556}") = "Wolf.Utility.Core.Extensions", "..\Wolf.Utility.Core\Wolf.Utility.Core.Extensions\Wolf.Utility.Core.Extensions.csproj", "{D48021D3-7FB3-4B13-9E13-DE83A7A76A60}"
EndProject
Project("{9A19103F-16F7-4668-BE54-9A1E7A4F7556}") = "Tracker.Core.Models", "Tracker.Core.Models\Tracker.Core.Models.csproj", "{C80382DA-BC86-49FD-A9CE-B42C46E0A510}"
EndProject
Project("{9A19103F-16F7-4668-BE54-9A1E7A4F7556}") = "Tracker.Core.Persistence", "Tracker.Core.Persistance\Tracker.Core.Persistence.csproj", "{5940580E-B2E7-4666-8104-8B38FD42355C}"
EndProject
Project("{9A19103F-16F7-4668-BE54-9A1E7A4F7556}") = "Tracker.Module.Settings.Core", "Tracker.Module.Settings.Core\Tracker.Module.Settings.Core.csproj", "{1B521A73-C691-4391-9585-A7A182CC6519}"
EndProject
Project("{9A19103F-16F7-4668-BE54-9A1E7A4F7556}") = "Tracker.Module.Settings.Persistence", "Tracker.Module.Settings.Persistance\Tracker.Module.Settings.Persistence.csproj", "{2464BD0A-C450-4EAA-8F01-B9CEB2010AF4}"
EndProject
Project("{9A19103F-16F7-4668-BE54-9A1E7A4F7556}") = "Tracker.Module.Settings.Models", "Tracker.Module.Settings.Models\Tracker.Module.Settings.Models.csproj", "{827F2BD7-047D-418F-BE32-D11AC7B6C3CE}"
EndProject
Project("{2150E333-8FDC-42A3-9474-1A3956D46DE8}") = "Tracker", "Tracker", "{695FD2D9-CA45-4797-A30B-33A1F01A09DD}"
EndProject
Project("{2150E333-8FDC-42A3-9474-1A3956D46DE8}") = "Core", "Core", "{54DB0AF4-C04E-4B54-9608-E635BB286370}"
EndProject
Project("{2150E333-8FDC-42A3-9474-1A3956D46DE8}") = "Module", "Module", "{E16CD02D-F19C-4552-B7A8-7A5920506CCC}"
EndProject
Project("{2150E333-8FDC-42A3-9474-1A3956D46DE8}") = "Settings", "Settings", "{BF1C9A57-ED8E-4879-9839-BCB2B885AFDC}"
EndProject
Project("{9A19103F-16F7-4668-BE54-9A1E7A4F7556}") = "Tracker.Module.Budget.Core", "Tracker.Module.Budget.Core\Tracker.Module.Budget.Core.csproj", "{71C47B10-A81E-4987-AB80-122A303CC440}"
EndProject
Project("{9A19103F-16F7-4668-BE54-9A1E7A4F7556}") = "Tracker.Module.Budget.Persistence", "Tracker.Module.Budget.Persistance\Tracker.Module.Budget.Persistence.csproj", "{26EC1D1C-7E35-4A35-9CC3-73D45FEB7BD9}"
EndProject
Project("{9A19103F-16F7-4668-BE54-9A1E7A4F7556}") = "Tracker.Module.Budget.Models", "Tracker.Module.Budget.Models\Tracker.Module.Budget.Models.csproj", "{A552B06B-B407-41C2-A914-02A255F79698}"
EndProject
Project("{2150E333-8FDC-42A3-9474-1A3956D46DE8}") = "Budget", "Budget", "{934DAE83-40AA-4261-A096-0FCF8282EE29}"
EndProject
Project("{9A19103F-16F7-4668-BE54-9A1E7A4F7556}") = "Tracker.Module.Time.Core", "Tracker.Module.Time.Core\Tracker.Module.Time.Core.csproj", "{D542FECE-18C4-40D3-914D-DB713D6E7B52}"
EndProject
Project("{9A19103F-16F7-4668-BE54-9A1E7A4F7556}") = "Tracker.Module.Time.Persistence", "Tracker.Module.Time.Persistance\Tracker.Module.Time.Persistence.csproj", "{79291EAD-392A-4573-9903-4F2DAC6556C6}"
EndProject
Project("{9A19103F-16F7-4668-BE54-9A1E7A4F7556}") = "Tracker.Module.Time.Models", "Tracker.Module.Time.Models\Tracker.Module.Time.Models.csproj", "{8BB85715-8AC6-4A19-854C-1FFEC02F57FE}"
EndProject
Project("{2150E333-8FDC-42A3-9474-1A3956D46DE8}") = "Time", "Time", "{E8A80BB7-0404-4CBE-AFB2-76B8358B345F}"
EndProject
Project("{9A19103F-16F7-4668-BE54-9A1E7A4F7556}") = "Tracker.Module.Dining.Core", "Tracker.Module.Dining.Core\Tracker.Module.Dining.Core.csproj", "{BAFDF4C2-522A-49AE-87EE-EE57DFCA490C}"
EndProject
Project("{9A19103F-16F7-4668-BE54-9A1E7A4F7556}") = "Tracker.Module.Dining.Persistence", "Tracker.Module.Dining.Persistance\Tracker.Module.Dining.Persistence.csproj", "{7F0FCA22-BED4-4C9D-9D6E-575B9850DECA}"
EndProject
Project("{9A19103F-16F7-4668-BE54-9A1E7A4F7556}") = "Tracker.Module.Dining.Models", "Tracker.Module.Dining.Models\Tracker.Module.Dining.Models.csproj", "{E67E0529-6EDF-40F8-BD20-3250A9ED1E2F}"
EndProject
Project("{2150E333-8FDC-42A3-9474-1A3956D46DE8}") = "Dining", "Dining", "{200526B4-98A2-4AB6-A2E0-53E71DDB0095}"
EndProject
Project("{FAE04EC0-301F-11D3-BF4B-00C04F79EFBC}") = "Tracker.Maui", "Tracker.Maui\Tracker.Maui.csproj", "{6F011558-8B5B-4F20-A550-59C9C2787240}"
EndProject
Project("{FAE04EC0-301F-11D3-BF4B-00C04F79EFBC}") = "Tracker.Module.Budget.Api", "Tracker.Module.Budget.Api\Tracker.Module.Budget.Api.csproj", "{DED1C0C4-24C9-4628-B8A1-1EC08B0314CC}"
EndProject
Project("{FAE04EC0-301F-11D3-BF4B-00C04F79EFBC}") = "Tracker.Module.Dining.Api", "Tracker.Module.Dining.Api\Tracker.Module.Dining.Api.csproj", "{9BF0D17C-36F4-422A-96F2-72D2482855DB}"
EndProject
Project("{FAE04EC0-301F-11D3-BF4B-00C04F79EFBC}") = "Tracker.Module.Settings.Api", "Tracker.Module.Settings.Api\Tracker.Module.Settings.Api.csproj", "{840962F0-32B8-4BC3-AEB1-28D43FAFA9AB}"
EndProject
Project("{FAE04EC0-301F-11D3-BF4B-00C04F79EFBC}") = "Tracker.Module.Time.Api", "Tracker.Module.Time.Api\Tracker.Module.Time.Api.csproj", "{02D85362-E49F-411B-9440-11A854B6C01C}"
EndProject
Project("{9A19103F-16F7-4668-BE54-9A1E7A4F7556}") = "Wolf.Utility.Core.Web", "..\Wolf.Utility.Core\Wolf.Utility.Core.Web\Wolf.Utility.Core.Web.csproj", "{EBB827E7-7CDF-49DC-ABBC-D730EF3222D4}"
EndProject
Global
	GlobalSection(SolutionConfigurationPlatforms) = preSolution
		Debug|Any CPU = Debug|Any CPU
		Release|Any CPU = Release|Any CPU
	EndGlobalSection
	GlobalSection(ProjectConfigurationPlatforms) = postSolution
		{2457BB97-3A51-468A-B9EA-31D37E287084}.Debug|Any CPU.ActiveCfg = Debug|Any CPU
		{2457BB97-3A51-468A-B9EA-31D37E287084}.Debug|Any CPU.Build.0 = Debug|Any CPU
		{2457BB97-3A51-468A-B9EA-31D37E287084}.Release|Any CPU.ActiveCfg = Release|Any CPU
		{2457BB97-3A51-468A-B9EA-31D37E287084}.Release|Any CPU.Build.0 = Release|Any CPU
		{F3996B31-5B36-4948-8958-7677475F40B4}.Debug|Any CPU.ActiveCfg = Debug|Any CPU
		{F3996B31-5B36-4948-8958-7677475F40B4}.Debug|Any CPU.Build.0 = Debug|Any CPU
		{F3996B31-5B36-4948-8958-7677475F40B4}.Release|Any CPU.ActiveCfg = Release|Any CPU
		{F3996B31-5B36-4948-8958-7677475F40B4}.Release|Any CPU.Build.0 = Release|Any CPU
		{0D77A50A-A6CD-4DF9-97B1-6BDA9571F8B3}.Debug|Any CPU.ActiveCfg = Debug|Any CPU
		{0D77A50A-A6CD-4DF9-97B1-6BDA9571F8B3}.Debug|Any CPU.Build.0 = Debug|Any CPU
		{0D77A50A-A6CD-4DF9-97B1-6BDA9571F8B3}.Release|Any CPU.ActiveCfg = Release|Any CPU
		{0D77A50A-A6CD-4DF9-97B1-6BDA9571F8B3}.Release|Any CPU.Build.0 = Release|Any CPU
		{7AAA468A-B8BD-4C8B-8DAD-3F475EE01AD1}.Debug|Any CPU.ActiveCfg = Debug|Any CPU
		{7AAA468A-B8BD-4C8B-8DAD-3F475EE01AD1}.Debug|Any CPU.Build.0 = Debug|Any CPU
		{7AAA468A-B8BD-4C8B-8DAD-3F475EE01AD1}.Release|Any CPU.ActiveCfg = Release|Any CPU
		{7AAA468A-B8BD-4C8B-8DAD-3F475EE01AD1}.Release|Any CPU.Build.0 = Release|Any CPU
		{574FFAC6-756D-4A5D-8400-463DB9067576}.Debug|Any CPU.ActiveCfg = Debug|Any CPU
		{574FFAC6-756D-4A5D-8400-463DB9067576}.Debug|Any CPU.Build.0 = Debug|Any CPU
		{574FFAC6-756D-4A5D-8400-463DB9067576}.Release|Any CPU.ActiveCfg = Release|Any CPU
		{574FFAC6-756D-4A5D-8400-463DB9067576}.Release|Any CPU.Build.0 = Release|Any CPU
		{EB6A1E8C-00A4-4602-BC67-40F08484C570}.Debug|Any CPU.ActiveCfg = Debug|Any CPU
		{EB6A1E8C-00A4-4602-BC67-40F08484C570}.Debug|Any CPU.Build.0 = Debug|Any CPU
		{EB6A1E8C-00A4-4602-BC67-40F08484C570}.Release|Any CPU.ActiveCfg = Release|Any CPU
		{EB6A1E8C-00A4-4602-BC67-40F08484C570}.Release|Any CPU.Build.0 = Release|Any CPU
		{FA8B1E98-9A17-4F3F-BCF4-E86EA08CE424}.Debug|Any CPU.ActiveCfg = Debug|Any CPU
		{FA8B1E98-9A17-4F3F-BCF4-E86EA08CE424}.Debug|Any CPU.Build.0 = Debug|Any CPU
		{FA8B1E98-9A17-4F3F-BCF4-E86EA08CE424}.Release|Any CPU.ActiveCfg = Release|Any CPU
		{FA8B1E98-9A17-4F3F-BCF4-E86EA08CE424}.Release|Any CPU.Build.0 = Release|Any CPU
		{D48021D3-7FB3-4B13-9E13-DE83A7A76A60}.Debug|Any CPU.ActiveCfg = Debug|Any CPU
		{D48021D3-7FB3-4B13-9E13-DE83A7A76A60}.Debug|Any CPU.Build.0 = Debug|Any CPU
		{D48021D3-7FB3-4B13-9E13-DE83A7A76A60}.Release|Any CPU.ActiveCfg = Release|Any CPU
		{D48021D3-7FB3-4B13-9E13-DE83A7A76A60}.Release|Any CPU.Build.0 = Release|Any CPU
		{C80382DA-BC86-49FD-A9CE-B42C46E0A510}.Debug|Any CPU.ActiveCfg = Debug|Any CPU
		{C80382DA-BC86-49FD-A9CE-B42C46E0A510}.Debug|Any CPU.Build.0 = Debug|Any CPU
		{C80382DA-BC86-49FD-A9CE-B42C46E0A510}.Release|Any CPU.ActiveCfg = Release|Any CPU
		{C80382DA-BC86-49FD-A9CE-B42C46E0A510}.Release|Any CPU.Build.0 = Release|Any CPU
		{5940580E-B2E7-4666-8104-8B38FD42355C}.Debug|Any CPU.ActiveCfg = Debug|Any CPU
		{5940580E-B2E7-4666-8104-8B38FD42355C}.Debug|Any CPU.Build.0 = Debug|Any CPU
		{5940580E-B2E7-4666-8104-8B38FD42355C}.Release|Any CPU.ActiveCfg = Release|Any CPU
		{5940580E-B2E7-4666-8104-8B38FD42355C}.Release|Any CPU.Build.0 = Release|Any CPU
		{1B521A73-C691-4391-9585-A7A182CC6519}.Debug|Any CPU.ActiveCfg = Debug|Any CPU
		{1B521A73-C691-4391-9585-A7A182CC6519}.Debug|Any CPU.Build.0 = Debug|Any CPU
		{1B521A73-C691-4391-9585-A7A182CC6519}.Release|Any CPU.ActiveCfg = Release|Any CPU
		{1B521A73-C691-4391-9585-A7A182CC6519}.Release|Any CPU.Build.0 = Release|Any CPU
		{2464BD0A-C450-4EAA-8F01-B9CEB2010AF4}.Debug|Any CPU.ActiveCfg = Debug|Any CPU
		{2464BD0A-C450-4EAA-8F01-B9CEB2010AF4}.Debug|Any CPU.Build.0 = Debug|Any CPU
		{2464BD0A-C450-4EAA-8F01-B9CEB2010AF4}.Release|Any CPU.ActiveCfg = Release|Any CPU
		{2464BD0A-C450-4EAA-8F01-B9CEB2010AF4}.Release|Any CPU.Build.0 = Release|Any CPU
		{827F2BD7-047D-418F-BE32-D11AC7B6C3CE}.Debug|Any CPU.ActiveCfg = Debug|Any CPU
		{827F2BD7-047D-418F-BE32-D11AC7B6C3CE}.Debug|Any CPU.Build.0 = Debug|Any CPU
		{827F2BD7-047D-418F-BE32-D11AC7B6C3CE}.Release|Any CPU.ActiveCfg = Release|Any CPU
		{827F2BD7-047D-418F-BE32-D11AC7B6C3CE}.Release|Any CPU.Build.0 = Release|Any CPU
		{71C47B10-A81E-4987-AB80-122A303CC440}.Debug|Any CPU.ActiveCfg = Debug|Any CPU
		{71C47B10-A81E-4987-AB80-122A303CC440}.Debug|Any CPU.Build.0 = Debug|Any CPU
		{71C47B10-A81E-4987-AB80-122A303CC440}.Release|Any CPU.ActiveCfg = Release|Any CPU
		{71C47B10-A81E-4987-AB80-122A303CC440}.Release|Any CPU.Build.0 = Release|Any CPU
		{26EC1D1C-7E35-4A35-9CC3-73D45FEB7BD9}.Debug|Any CPU.ActiveCfg = Debug|Any CPU
		{26EC1D1C-7E35-4A35-9CC3-73D45FEB7BD9}.Debug|Any CPU.Build.0 = Debug|Any CPU
		{26EC1D1C-7E35-4A35-9CC3-73D45FEB7BD9}.Release|Any CPU.ActiveCfg = Release|Any CPU
		{26EC1D1C-7E35-4A35-9CC3-73D45FEB7BD9}.Release|Any CPU.Build.0 = Release|Any CPU
		{A552B06B-B407-41C2-A914-02A255F79698}.Debug|Any CPU.ActiveCfg = Debug|Any CPU
		{A552B06B-B407-41C2-A914-02A255F79698}.Debug|Any CPU.Build.0 = Debug|Any CPU
		{A552B06B-B407-41C2-A914-02A255F79698}.Release|Any CPU.ActiveCfg = Release|Any CPU
		{A552B06B-B407-41C2-A914-02A255F79698}.Release|Any CPU.Build.0 = Release|Any CPU
		{D542FECE-18C4-40D3-914D-DB713D6E7B52}.Debug|Any CPU.ActiveCfg = Debug|Any CPU
		{D542FECE-18C4-40D3-914D-DB713D6E7B52}.Debug|Any CPU.Build.0 = Debug|Any CPU
		{D542FECE-18C4-40D3-914D-DB713D6E7B52}.Release|Any CPU.ActiveCfg = Release|Any CPU
		{D542FECE-18C4-40D3-914D-DB713D6E7B52}.Release|Any CPU.Build.0 = Release|Any CPU
		{79291EAD-392A-4573-9903-4F2DAC6556C6}.Debug|Any CPU.ActiveCfg = Debug|Any CPU
		{79291EAD-392A-4573-9903-4F2DAC6556C6}.Debug|Any CPU.Build.0 = Debug|Any CPU
		{79291EAD-392A-4573-9903-4F2DAC6556C6}.Release|Any CPU.ActiveCfg = Release|Any CPU
		{79291EAD-392A-4573-9903-4F2DAC6556C6}.Release|Any CPU.Build.0 = Release|Any CPU
		{8BB85715-8AC6-4A19-854C-1FFEC02F57FE}.Debug|Any CPU.ActiveCfg = Debug|Any CPU
		{8BB85715-8AC6-4A19-854C-1FFEC02F57FE}.Debug|Any CPU.Build.0 = Debug|Any CPU
		{8BB85715-8AC6-4A19-854C-1FFEC02F57FE}.Release|Any CPU.ActiveCfg = Release|Any CPU
		{8BB85715-8AC6-4A19-854C-1FFEC02F57FE}.Release|Any CPU.Build.0 = Release|Any CPU
		{BAFDF4C2-522A-49AE-87EE-EE57DFCA490C}.Debug|Any CPU.ActiveCfg = Debug|Any CPU
		{BAFDF4C2-522A-49AE-87EE-EE57DFCA490C}.Debug|Any CPU.Build.0 = Debug|Any CPU
		{BAFDF4C2-522A-49AE-87EE-EE57DFCA490C}.Release|Any CPU.ActiveCfg = Release|Any CPU
		{BAFDF4C2-522A-49AE-87EE-EE57DFCA490C}.Release|Any CPU.Build.0 = Release|Any CPU
		{7F0FCA22-BED4-4C9D-9D6E-575B9850DECA}.Debug|Any CPU.ActiveCfg = Debug|Any CPU
		{7F0FCA22-BED4-4C9D-9D6E-575B9850DECA}.Debug|Any CPU.Build.0 = Debug|Any CPU
		{7F0FCA22-BED4-4C9D-9D6E-575B9850DECA}.Release|Any CPU.ActiveCfg = Release|Any CPU
		{7F0FCA22-BED4-4C9D-9D6E-575B9850DECA}.Release|Any CPU.Build.0 = Release|Any CPU
		{E67E0529-6EDF-40F8-BD20-3250A9ED1E2F}.Debug|Any CPU.ActiveCfg = Debug|Any CPU
		{E67E0529-6EDF-40F8-BD20-3250A9ED1E2F}.Debug|Any CPU.Build.0 = Debug|Any CPU
		{E67E0529-6EDF-40F8-BD20-3250A9ED1E2F}.Release|Any CPU.ActiveCfg = Release|Any CPU
		{E67E0529-6EDF-40F8-BD20-3250A9ED1E2F}.Release|Any CPU.Build.0 = Release|Any CPU
		{6F011558-8B5B-4F20-A550-59C9C2787240}.Debug|Any CPU.ActiveCfg = Debug|Any CPU
		{6F011558-8B5B-4F20-A550-59C9C2787240}.Debug|Any CPU.Build.0 = Debug|Any CPU
		{6F011558-8B5B-4F20-A550-59C9C2787240}.Debug|Any CPU.Deploy.0 = Debug|Any CPU
		{6F011558-8B5B-4F20-A550-59C9C2787240}.Release|Any CPU.ActiveCfg = Release|Any CPU
		{6F011558-8B5B-4F20-A550-59C9C2787240}.Release|Any CPU.Build.0 = Release|Any CPU
		{6F011558-8B5B-4F20-A550-59C9C2787240}.Release|Any CPU.Deploy.0 = Release|Any CPU
		{DED1C0C4-24C9-4628-B8A1-1EC08B0314CC}.Debug|Any CPU.ActiveCfg = Debug|Any CPU
		{DED1C0C4-24C9-4628-B8A1-1EC08B0314CC}.Debug|Any CPU.Build.0 = Debug|Any CPU
		{DED1C0C4-24C9-4628-B8A1-1EC08B0314CC}.Release|Any CPU.ActiveCfg = Release|Any CPU
		{DED1C0C4-24C9-4628-B8A1-1EC08B0314CC}.Release|Any CPU.Build.0 = Release|Any CPU
		{9BF0D17C-36F4-422A-96F2-72D2482855DB}.Debug|Any CPU.ActiveCfg = Debug|Any CPU
		{9BF0D17C-36F4-422A-96F2-72D2482855DB}.Debug|Any CPU.Build.0 = Debug|Any CPU
		{9BF0D17C-36F4-422A-96F2-72D2482855DB}.Release|Any CPU.ActiveCfg = Release|Any CPU
		{9BF0D17C-36F4-422A-96F2-72D2482855DB}.Release|Any CPU.Build.0 = Release|Any CPU
		{840962F0-32B8-4BC3-AEB1-28D43FAFA9AB}.Debug|Any CPU.ActiveCfg = Debug|Any CPU
		{840962F0-32B8-4BC3-AEB1-28D43FAFA9AB}.Debug|Any CPU.Build.0 = Debug|Any CPU
		{840962F0-32B8-4BC3-AEB1-28D43FAFA9AB}.Release|Any CPU.ActiveCfg = Release|Any CPU
		{840962F0-32B8-4BC3-AEB1-28D43FAFA9AB}.Release|Any CPU.Build.0 = Release|Any CPU
		{02D85362-E49F-411B-9440-11A854B6C01C}.Debug|Any CPU.ActiveCfg = Debug|Any CPU
		{02D85362-E49F-411B-9440-11A854B6C01C}.Debug|Any CPU.Build.0 = Debug|Any CPU
		{02D85362-E49F-411B-9440-11A854B6C01C}.Release|Any CPU.ActiveCfg = Release|Any CPU
		{02D85362-E49F-411B-9440-11A854B6C01C}.Release|Any CPU.Build.0 = Release|Any CPU
		{EBB827E7-7CDF-49DC-ABBC-D730EF3222D4}.Debug|Any CPU.ActiveCfg = Debug|Any CPU
		{EBB827E7-7CDF-49DC-ABBC-D730EF3222D4}.Debug|Any CPU.Build.0 = Debug|Any CPU
		{EBB827E7-7CDF-49DC-ABBC-D730EF3222D4}.Release|Any CPU.ActiveCfg = Release|Any CPU
		{EBB827E7-7CDF-49DC-ABBC-D730EF3222D4}.Release|Any CPU.Build.0 = Release|Any CPU
	EndGlobalSection
	GlobalSection(SolutionProperties) = preSolution
		HideSolutionNode = FALSE
	EndGlobalSection
	GlobalSection(NestedProjects) = preSolution
		{F3996B31-5B36-4948-8958-7677475F40B4} = {54DB0AF4-C04E-4B54-9608-E635BB286370}
		{0D77A50A-A6CD-4DF9-97B1-6BDA9571F8B3} = {BA299C3A-6716-44B8-A970-0E7EA4311193}
		{7AAA468A-B8BD-4C8B-8DAD-3F475EE01AD1} = {BA299C3A-6716-44B8-A970-0E7EA4311193}
		{574FFAC6-756D-4A5D-8400-463DB9067576} = {BA299C3A-6716-44B8-A970-0E7EA4311193}
		{EB6A1E8C-00A4-4602-BC67-40F08484C570} = {BA299C3A-6716-44B8-A970-0E7EA4311193}
		{FA8B1E98-9A17-4F3F-BCF4-E86EA08CE424} = {BA299C3A-6716-44B8-A970-0E7EA4311193}
		{D48021D3-7FB3-4B13-9E13-DE83A7A76A60} = {BA299C3A-6716-44B8-A970-0E7EA4311193}
		{C80382DA-BC86-49FD-A9CE-B42C46E0A510} = {54DB0AF4-C04E-4B54-9608-E635BB286370}
		{5940580E-B2E7-4666-8104-8B38FD42355C} = {54DB0AF4-C04E-4B54-9608-E635BB286370}
		{1B521A73-C691-4391-9585-A7A182CC6519} = {BF1C9A57-ED8E-4879-9839-BCB2B885AFDC}
		{2464BD0A-C450-4EAA-8F01-B9CEB2010AF4} = {BF1C9A57-ED8E-4879-9839-BCB2B885AFDC}
		{827F2BD7-047D-418F-BE32-D11AC7B6C3CE} = {BF1C9A57-ED8E-4879-9839-BCB2B885AFDC}
		{54DB0AF4-C04E-4B54-9608-E635BB286370} = {695FD2D9-CA45-4797-A30B-33A1F01A09DD}
		{E16CD02D-F19C-4552-B7A8-7A5920506CCC} = {695FD2D9-CA45-4797-A30B-33A1F01A09DD}
		{BF1C9A57-ED8E-4879-9839-BCB2B885AFDC} = {E16CD02D-F19C-4552-B7A8-7A5920506CCC}
		{71C47B10-A81E-4987-AB80-122A303CC440} = {934DAE83-40AA-4261-A096-0FCF8282EE29}
		{26EC1D1C-7E35-4A35-9CC3-73D45FEB7BD9} = {934DAE83-40AA-4261-A096-0FCF8282EE29}
		{A552B06B-B407-41C2-A914-02A255F79698} = {934DAE83-40AA-4261-A096-0FCF8282EE29}
		{934DAE83-40AA-4261-A096-0FCF8282EE29} = {E16CD02D-F19C-4552-B7A8-7A5920506CCC}
		{D542FECE-18C4-40D3-914D-DB713D6E7B52} = {E8A80BB7-0404-4CBE-AFB2-76B8358B345F}
		{79291EAD-392A-4573-9903-4F2DAC6556C6} = {E8A80BB7-0404-4CBE-AFB2-76B8358B345F}
		{8BB85715-8AC6-4A19-854C-1FFEC02F57FE} = {E8A80BB7-0404-4CBE-AFB2-76B8358B345F}
		{E8A80BB7-0404-4CBE-AFB2-76B8358B345F} = {E16CD02D-F19C-4552-B7A8-7A5920506CCC}
		{BAFDF4C2-522A-49AE-87EE-EE57DFCA490C} = {200526B4-98A2-4AB6-A2E0-53E71DDB0095}
		{7F0FCA22-BED4-4C9D-9D6E-575B9850DECA} = {200526B4-98A2-4AB6-A2E0-53E71DDB0095}
		{E67E0529-6EDF-40F8-BD20-3250A9ED1E2F} = {200526B4-98A2-4AB6-A2E0-53E71DDB0095}
		{200526B4-98A2-4AB6-A2E0-53E71DDB0095} = {E16CD02D-F19C-4552-B7A8-7A5920506CCC}
		{DED1C0C4-24C9-4628-B8A1-1EC08B0314CC} = {934DAE83-40AA-4261-A096-0FCF8282EE29}
		{9BF0D17C-36F4-422A-96F2-72D2482855DB} = {200526B4-98A2-4AB6-A2E0-53E71DDB0095}
		{840962F0-32B8-4BC3-AEB1-28D43FAFA9AB} = {BF1C9A57-ED8E-4879-9839-BCB2B885AFDC}
		{02D85362-E49F-411B-9440-11A854B6C01C} = {E8A80BB7-0404-4CBE-AFB2-76B8358B345F}
		{EBB827E7-7CDF-49DC-ABBC-D730EF3222D4} = {BA299C3A-6716-44B8-A970-0E7EA4311193}
	EndGlobalSection
	GlobalSection(ExtensibilityGlobals) = postSolution
		SolutionGuid = {B2F2D101-D66C-40D4-820C-906B56FE08C6}
	EndGlobalSection
EndGlobal
